# This file is automatically @generated by Poetry 1.6.1 and should not be changed by hand.

[[package]]
name = "asciitree"
version = "0.3.3"
description = "Draws ASCII trees."
optional = false
python-versions = "*"
files = [
    {file = "asciitree-0.3.3.tar.gz", hash = "sha256:4aa4b9b649f85e3fcb343363d97564aa1fb62e249677f2e18a96765145cc0f6e"},
]

[[package]]
name = "entrypoints"
version = "0.4"
description = "Discover and load entry points from installed packages."
optional = false
python-versions = ">=3.6"
files = [
    {file = "entrypoints-0.4-py3-none-any.whl", hash = "sha256:f174b5ff827504fd3cd97cc3f8649f3693f51538c7e4bdf3ef002c8429d42f9f"},
    {file = "entrypoints-0.4.tar.gz", hash = "sha256:b706eddaa9218a19ebcd67b56818f05bb27589b1ca9e8d797b74affad4ccacd4"},
]

[[package]]
name = "fasteners"
version = "0.18"
description = "A python package that provides useful locks"
optional = false
python-versions = ">=3.6"
files = [
    {file = "fasteners-0.18-py3-none-any.whl", hash = "sha256:1d4caf5f8db57b0e4107d94fd5a1d02510a450dced6ca77d1839064c1bacf20c"},
    {file = "fasteners-0.18.tar.gz", hash = "sha256:cb7c13ef91e0c7e4fe4af38ecaf6b904ec3f5ce0dda06d34924b6b74b869d953"},
]

[[package]]
name = "fsspec"
version = "2023.9.0"
description = "File-system specification"
optional = false
python-versions = ">=3.8"
files = [
    {file = "fsspec-2023.9.0-py3-none-any.whl", hash = "sha256:d55b9ab2a4c1f2b759888ae9f93e40c2aa72c0808132e87e282b549f9e6c4254"},
    {file = "fsspec-2023.9.0.tar.gz", hash = "sha256:4dbf0fefee035b7c6d3bbbe6bc99b2f201f40d4dca95b67c2b719be77bcd917f"},
]

[package.extras]
abfs = ["adlfs"]
adl = ["adlfs"]
arrow = ["pyarrow (>=1)"]
dask = ["dask", "distributed"]
devel = ["pytest", "pytest-cov"]
dropbox = ["dropbox", "dropboxdrivefs", "requests"]
full = ["adlfs", "aiohttp (!=4.0.0a0,!=4.0.0a1)", "dask", "distributed", "dropbox", "dropboxdrivefs", "fusepy", "gcsfs", "libarchive-c", "ocifs", "panel", "paramiko", "pyarrow (>=1)", "pygit2", "requests", "s3fs", "smbprotocol", "tqdm"]
fuse = ["fusepy"]
gcs = ["gcsfs"]
git = ["pygit2"]
github = ["requests"]
gs = ["gcsfs"]
gui = ["panel"]
hdfs = ["pyarrow (>=1)"]
http = ["aiohttp (!=4.0.0a0,!=4.0.0a1)", "requests"]
libarchive = ["libarchive-c"]
oci = ["ocifs"]
s3 = ["s3fs"]
sftp = ["paramiko"]
smb = ["smbprotocol"]
ssh = ["paramiko"]
tqdm = ["tqdm"]

[[package]]
name = "imagecodecs"
version = "2023.3.16"
description = "Image transformation, compression, and decompression codecs"
optional = false
python-versions = ">=3.8"
files = [
    {file = "imagecodecs-2023.3.16-cp310-cp310-macosx_10_9_x86_64.whl", hash = "sha256:0c0b67874d766baebb5da9b5f0a33ac5d8dacfbf05f976727b046f48edd943cb"},
    {file = "imagecodecs-2023.3.16-cp310-cp310-macosx_11_0_arm64.whl", hash = "sha256:bc99d390650234a6f74d4b90c32de01ca4e582d6d3b9c8e33986c7780264f08a"},
    {file = "imagecodecs-2023.3.16-cp310-cp310-manylinux_2_17_x86_64.manylinux2014_x86_64.whl", hash = "sha256:dc874c3975f17fc6150b5609e877fa13cb7d90ce70e5d04faab765368164888e"},
    {file = "imagecodecs-2023.3.16-cp310-cp310-win32.whl", hash = "sha256:ede44d9645f38d6bdef8a46b0dcbd7307655e994dcba4213f2ec60366cc06270"},
    {file = "imagecodecs-2023.3.16-cp310-cp310-win_amd64.whl", hash = "sha256:623d294a3f053aa009bcdf1eb1e08db1fbc28e265b7039f730ab2de3419cb690"},
    {file = "imagecodecs-2023.3.16-cp311-cp311-macosx_10_9_x86_64.whl", hash = "sha256:cf40e814d256efec9472536e89529b56cd21137ff8932c74196d4be2ac6c4616"},
    {file = "imagecodecs-2023.3.16-cp311-cp311-macosx_11_0_arm64.whl", hash = "sha256:380a5a2e6ea400aee2d26e4683ba5d440aa359dd0262f0f97f7c7b101f218c59"},
    {file = "imagecodecs-2023.3.16-cp311-cp311-manylinux_2_17_x86_64.manylinux2014_x86_64.whl", hash = "sha256:82f21a16f240e4ede51fab967c9cecd262b368e756663f897de3603e3ccc043b"},
    {file = "imagecodecs-2023.3.16-cp311-cp311-win32.whl", hash = "sha256:a2ddddfab0d144f03285c15015617b65c3d21cde90e75e8af724e191243c16d3"},
    {file = "imagecodecs-2023.3.16-cp311-cp311-win_amd64.whl", hash = "sha256:229e6f6fffcb7f5394f208f6d04af999748cdea65481f368ec6b4166ad93e1bf"},
    {file = "imagecodecs-2023.3.16-cp311-cp311-win_arm64.whl", hash = "sha256:7af50a9c873b0791b00184a5f29bc18341a3d0b39d39594da5973c9fff18294e"},
    {file = "imagecodecs-2023.3.16-cp38-cp38-macosx_10_9_x86_64.whl", hash = "sha256:c17d9c6164f42e6f04d0f50f8e996d32986006d9a103dc5e3d55800e6bd832f7"},
    {file = "imagecodecs-2023.3.16-cp38-cp38-manylinux_2_17_x86_64.manylinux2014_x86_64.whl", hash = "sha256:0e8b6d6649f18a83991e45847a1491d81042c132a896a826a8be171b7fa96886"},
    {file = "imagecodecs-2023.3.16-cp38-cp38-win32.whl", hash = "sha256:563d84977fd689d96b1121f098cdbdf92bdd45cd01caa3a841a251131aff1e49"},
    {file = "imagecodecs-2023.3.16-cp38-cp38-win_amd64.whl", hash = "sha256:f04fac421b3cdc37c6e8fa7a109b34e82988e5532874b7558002e6b0f1677ac0"},
    {file = "imagecodecs-2023.3.16-cp39-cp39-macosx_10_9_x86_64.whl", hash = "sha256:f20d6a04f039262df6f309be631ddba473bc950942ca5166077d39082a9ad1f6"},
    {file = "imagecodecs-2023.3.16-cp39-cp39-macosx_11_0_arm64.whl", hash = "sha256:a97dca69c2113a65acbe034487ddf7cae54804a56b0707d61beddeca8cd62bd0"},
    {file = "imagecodecs-2023.3.16-cp39-cp39-manylinux_2_17_x86_64.manylinux2014_x86_64.whl", hash = "sha256:c5687a264fb66929a406512d384a1b082fa2256f556860ddbfb13b0ac268c942"},
    {file = "imagecodecs-2023.3.16-cp39-cp39-win32.whl", hash = "sha256:50540c3ac53e8091ee38f1d5ca9f831b43d4eaa4844af40a7efdf660e031b041"},
    {file = "imagecodecs-2023.3.16-cp39-cp39-win_amd64.whl", hash = "sha256:1f89030182d3028975b651686bc67bb37a3105ceeb2d031cb9e24ec2df40e13e"},
    {file = "imagecodecs-2023.3.16-pp38-pypy38_pp73-manylinux_2_17_x86_64.manylinux2014_x86_64.whl", hash = "sha256:ae167ff5f89fb5e2edaddb5f939557320ff4f8e5121d6c98452134957b71b44f"},
    {file = "imagecodecs-2023.3.16-pp39-pypy39_pp73-manylinux_2_17_x86_64.manylinux2014_x86_64.whl", hash = "sha256:052a39f8159afd2ed7b632bd5e3a203ccb5c29e5b388d697c7cae7985c768672"},
    {file = "imagecodecs-2023.3.16-pp39-pypy39_pp73-win_amd64.whl", hash = "sha256:d390f2400103178329b27a88990bf390e0e6a371904dd87d15b86a50d8a39ece"},
    {file = "imagecodecs-2023.3.16.tar.gz", hash = "sha256:e39c2a63f7f5b9bee0ba4961db8c1e7f2518ce07d2fd10a56624d17f1407efc1"},
]

[package.dependencies]
numpy = "*"

[package.extras]
all = ["matplotlib", "numcodecs", "tifffile"]

[[package]]
name = "numcodecs"
version = "0.11.0"
description = "A Python package providing buffer compression and transformation codecs for use"
optional = false
python-versions = ">=3.8"
files = [
    {file = "numcodecs-0.11.0-cp310-cp310-macosx_10_9_x86_64.whl", hash = "sha256:c0bc116752be45b4f9dca4315e5a2b4185e3b46f68c997dbb84aef334ceb5a1d"},
    {file = "numcodecs-0.11.0-cp310-cp310-manylinux_2_17_x86_64.manylinux2014_x86_64.whl", hash = "sha256:c27dfca402f69fbfa01c46fb572086e77f38121192160cc8ed1177dc30702c52"},
    {file = "numcodecs-0.11.0-cp310-cp310-win_amd64.whl", hash = "sha256:0fabc7dfdf64a9555bf8a34911e05b415793c67a1377207dc79cd96342291fa1"},
    {file = "numcodecs-0.11.0-cp311-cp311-macosx_10_9_x86_64.whl", hash = "sha256:7dae3f5678f247336c84e7315a0c59a4fec7c33eb7db72d78ff5c776479a812e"},
    {file = "numcodecs-0.11.0-cp311-cp311-manylinux_2_17_x86_64.manylinux2014_x86_64.whl", hash = "sha256:32697785b786bb0039d3feeaabdc10f25eda6c149700cde954653aaa47637832"},
    {file = "numcodecs-0.11.0-cp311-cp311-win_amd64.whl", hash = "sha256:8c2f36b21162c6ebccc05d3fe896f86b91dcf8709946809f730cc23a37f8234d"},
    {file = "numcodecs-0.11.0-cp38-cp38-macosx_10_9_x86_64.whl", hash = "sha256:0c240858bf29e0ff254b1db60430e8b2658b8c8328b684f80033289d94807a7c"},
    {file = "numcodecs-0.11.0-cp38-cp38-manylinux_2_17_x86_64.manylinux2014_x86_64.whl", hash = "sha256:ee5bda16e9d26a7a39fc20b6c1cec23b4debc314df5cfae3ed505149c2eeafc4"},
    {file = "numcodecs-0.11.0-cp38-cp38-win_amd64.whl", hash = "sha256:bd05cdb853c7bcfde2efc809a9df2c5e205b96f70405b810e5788b45d0d81f73"},
    {file = "numcodecs-0.11.0-cp39-cp39-macosx_10_9_x86_64.whl", hash = "sha256:694dc2e80b1f169b7deb14bdd0a04b20e5f17ef32cb0f81b71ab690406ec6bd9"},
    {file = "numcodecs-0.11.0-cp39-cp39-manylinux_2_17_x86_64.manylinux2014_x86_64.whl", hash = "sha256:bf3925eeb37aed0e6c04d7fb9614133a3c8426dc77f8bda54c99c601a44b3bd3"},
    {file = "numcodecs-0.11.0-cp39-cp39-win_amd64.whl", hash = "sha256:11596b71267417425ea8afb407477a67d684f434c8b07b1dd59c25a97d5c3ccb"},
    {file = "numcodecs-0.11.0.tar.gz", hash = "sha256:6c058b321de84a1729299b0eae4d652b2e48ea1ca7f9df0da65cb13470e635eb"},
]

[package.dependencies]
entrypoints = "*"
numpy = ">=1.7"

[package.extras]
docs = ["mock", "numpydoc", "sphinx", "sphinx-issues"]
msgpack = ["msgpack"]
test = ["coverage", "flake8", "pytest", "pytest-cov"]
zfpy = ["zfpy (>=1.0.0)"]

[[package]]
name = "numpy"
version = "1.24.4"
description = "Fundamental package for array computing in Python"
optional = false
python-versions = ">=3.8"
files = [
    {file = "numpy-1.24.4-cp310-cp310-macosx_10_9_x86_64.whl", hash = "sha256:c0bfb52d2169d58c1cdb8cc1f16989101639b34c7d3ce60ed70b19c63eba0b64"},
    {file = "numpy-1.24.4-cp310-cp310-macosx_11_0_arm64.whl", hash = "sha256:ed094d4f0c177b1b8e7aa9cba7d6ceed51c0e569a5318ac0ca9a090680a6a1b1"},
    {file = "numpy-1.24.4-cp310-cp310-manylinux_2_17_aarch64.manylinux2014_aarch64.whl", hash = "sha256:79fc682a374c4a8ed08b331bef9c5f582585d1048fa6d80bc6c35bc384eee9b4"},
    {file = "numpy-1.24.4-cp310-cp310-manylinux_2_17_x86_64.manylinux2014_x86_64.whl", hash = "sha256:7ffe43c74893dbf38c2b0a1f5428760a1a9c98285553c89e12d70a96a7f3a4d6"},
    {file = "numpy-1.24.4-cp310-cp310-win32.whl", hash = "sha256:4c21decb6ea94057331e111a5bed9a79d335658c27ce2adb580fb4d54f2ad9bc"},
    {file = "numpy-1.24.4-cp310-cp310-win_amd64.whl", hash = "sha256:b4bea75e47d9586d31e892a7401f76e909712a0fd510f58f5337bea9572c571e"},
    {file = "numpy-1.24.4-cp311-cp311-macosx_10_9_x86_64.whl", hash = "sha256:f136bab9c2cfd8da131132c2cf6cc27331dd6fae65f95f69dcd4ae3c3639c810"},
    {file = "numpy-1.24.4-cp311-cp311-macosx_11_0_arm64.whl", hash = "sha256:e2926dac25b313635e4d6cf4dc4e51c8c0ebfed60b801c799ffc4c32bf3d1254"},
    {file = "numpy-1.24.4-cp311-cp311-manylinux_2_17_aarch64.manylinux2014_aarch64.whl", hash = "sha256:222e40d0e2548690405b0b3c7b21d1169117391c2e82c378467ef9ab4c8f0da7"},
    {file = "numpy-1.24.4-cp311-cp311-manylinux_2_17_x86_64.manylinux2014_x86_64.whl", hash = "sha256:7215847ce88a85ce39baf9e89070cb860c98fdddacbaa6c0da3ffb31b3350bd5"},
    {file = "numpy-1.24.4-cp311-cp311-win32.whl", hash = "sha256:4979217d7de511a8d57f4b4b5b2b965f707768440c17cb70fbf254c4b225238d"},
    {file = "numpy-1.24.4-cp311-cp311-win_amd64.whl", hash = "sha256:b7b1fc9864d7d39e28f41d089bfd6353cb5f27ecd9905348c24187a768c79694"},
    {file = "numpy-1.24.4-cp38-cp38-macosx_10_9_x86_64.whl", hash = "sha256:1452241c290f3e2a312c137a9999cdbf63f78864d63c79039bda65ee86943f61"},
    {file = "numpy-1.24.4-cp38-cp38-macosx_11_0_arm64.whl", hash = "sha256:04640dab83f7c6c85abf9cd729c5b65f1ebd0ccf9de90b270cd61935eef0197f"},
    {file = "numpy-1.24.4-cp38-cp38-manylinux_2_17_aarch64.manylinux2014_aarch64.whl", hash = "sha256:a5425b114831d1e77e4b5d812b69d11d962e104095a5b9c3b641a218abcc050e"},
    {file = "numpy-1.24.4-cp38-cp38-manylinux_2_17_x86_64.manylinux2014_x86_64.whl", hash = "sha256:dd80e219fd4c71fc3699fc1dadac5dcf4fd882bfc6f7ec53d30fa197b8ee22dc"},
    {file = "numpy-1.24.4-cp38-cp38-win32.whl", hash = "sha256:4602244f345453db537be5314d3983dbf5834a9701b7723ec28923e2889e0bb2"},
    {file = "numpy-1.24.4-cp38-cp38-win_amd64.whl", hash = "sha256:692f2e0f55794943c5bfff12b3f56f99af76f902fc47487bdfe97856de51a706"},
    {file = "numpy-1.24.4-cp39-cp39-macosx_10_9_x86_64.whl", hash = "sha256:2541312fbf09977f3b3ad449c4e5f4bb55d0dbf79226d7724211acc905049400"},
    {file = "numpy-1.24.4-cp39-cp39-macosx_11_0_arm64.whl", hash = "sha256:9667575fb6d13c95f1b36aca12c5ee3356bf001b714fc354eb5465ce1609e62f"},
    {file = "numpy-1.24.4-cp39-cp39-manylinux_2_17_aarch64.manylinux2014_aarch64.whl", hash = "sha256:f3a86ed21e4f87050382c7bc96571755193c4c1392490744ac73d660e8f564a9"},
    {file = "numpy-1.24.4-cp39-cp39-manylinux_2_17_x86_64.manylinux2014_x86_64.whl", hash = "sha256:d11efb4dbecbdf22508d55e48d9c8384db795e1b7b51ea735289ff96613ff74d"},
    {file = "numpy-1.24.4-cp39-cp39-win32.whl", hash = "sha256:6620c0acd41dbcb368610bb2f4d83145674040025e5536954782467100aa8835"},
    {file = "numpy-1.24.4-cp39-cp39-win_amd64.whl", hash = "sha256:befe2bf740fd8373cf56149a5c23a0f601e82869598d41f8e188a0e9869926f8"},
    {file = "numpy-1.24.4-pp38-pypy38_pp73-macosx_10_9_x86_64.whl", hash = "sha256:31f13e25b4e304632a4619d0e0777662c2ffea99fcae2029556b17d8ff958aef"},
    {file = "numpy-1.24.4-pp38-pypy38_pp73-manylinux_2_17_x86_64.manylinux2014_x86_64.whl", hash = "sha256:95f7ac6540e95bc440ad77f56e520da5bf877f87dca58bd095288dce8940532a"},
    {file = "numpy-1.24.4-pp38-pypy38_pp73-win_amd64.whl", hash = "sha256:e98f220aa76ca2a977fe435f5b04d7b3470c0a2e6312907b37ba6068f26787f2"},
    {file = "numpy-1.24.4.tar.gz", hash = "sha256:80f5e3a4e498641401868df4208b74581206afbee7cf7b8329daae82676d9463"},
]

[[package]]
name = "pillow"
version = "10.0.0"
description = "Python Imaging Library (Fork)"
optional = false
python-versions = ">=3.8"
files = [
    {file = "Pillow-10.0.0-cp310-cp310-macosx_10_10_x86_64.whl", hash = "sha256:1f62406a884ae75fb2f818694469519fb685cc7eaff05d3451a9ebe55c646891"},
    {file = "Pillow-10.0.0-cp310-cp310-macosx_11_0_arm64.whl", hash = "sha256:d5db32e2a6ccbb3d34d87c87b432959e0db29755727afb37290e10f6e8e62614"},
    {file = "Pillow-10.0.0-cp310-cp310-manylinux_2_17_aarch64.manylinux2014_aarch64.whl", hash = "sha256:edf4392b77bdc81f36e92d3a07a5cd072f90253197f4a52a55a8cec48a12483b"},
    {file = "Pillow-10.0.0-cp310-cp310-manylinux_2_17_x86_64.manylinux2014_x86_64.whl", hash = "sha256:520f2a520dc040512699f20fa1c363eed506e94248d71f85412b625026f6142c"},
    {file = "Pillow-10.0.0-cp310-cp310-manylinux_2_28_aarch64.whl", hash = "sha256:8c11160913e3dd06c8ffdb5f233a4f254cb449f4dfc0f8f4549eda9e542c93d1"},
    {file = "Pillow-10.0.0-cp310-cp310-manylinux_2_28_x86_64.whl", hash = "sha256:a74ba0c356aaa3bb8e3eb79606a87669e7ec6444be352870623025d75a14a2bf"},
    {file = "Pillow-10.0.0-cp310-cp310-musllinux_1_1_aarch64.whl", hash = "sha256:d5d0dae4cfd56969d23d94dc8e89fb6a217be461c69090768227beb8ed28c0a3"},
    {file = "Pillow-10.0.0-cp310-cp310-musllinux_1_1_x86_64.whl", hash = "sha256:22c10cc517668d44b211717fd9775799ccec4124b9a7f7b3635fc5386e584992"},
    {file = "Pillow-10.0.0-cp310-cp310-win_amd64.whl", hash = "sha256:dffe31a7f47b603318c609f378ebcd57f1554a3a6a8effbc59c3c69f804296de"},
    {file = "Pillow-10.0.0-cp311-cp311-macosx_10_10_x86_64.whl", hash = "sha256:9fb218c8a12e51d7ead2a7c9e101a04982237d4855716af2e9499306728fb485"},
    {file = "Pillow-10.0.0-cp311-cp311-macosx_11_0_arm64.whl", hash = "sha256:d35e3c8d9b1268cbf5d3670285feb3528f6680420eafe35cccc686b73c1e330f"},
    {file = "Pillow-10.0.0-cp311-cp311-manylinux_2_17_aarch64.manylinux2014_aarch64.whl", hash = "sha256:3ed64f9ca2f0a95411e88a4efbd7a29e5ce2cea36072c53dd9d26d9c76f753b3"},
    {file = "Pillow-10.0.0-cp311-cp311-manylinux_2_17_x86_64.manylinux2014_x86_64.whl", hash = "sha256:0b6eb5502f45a60a3f411c63187db83a3d3107887ad0d036c13ce836f8a36f1d"},
    {file = "Pillow-10.0.0-cp311-cp311-manylinux_2_28_aarch64.whl", hash = "sha256:c1fbe7621c167ecaa38ad29643d77a9ce7311583761abf7836e1510c580bf3dd"},
    {file = "Pillow-10.0.0-cp311-cp311-manylinux_2_28_x86_64.whl", hash = "sha256:cd25d2a9d2b36fcb318882481367956d2cf91329f6892fe5d385c346c0649629"},
    {file = "Pillow-10.0.0-cp311-cp311-musllinux_1_1_aarch64.whl", hash = "sha256:3b08d4cc24f471b2c8ca24ec060abf4bebc6b144cb89cba638c720546b1cf538"},
    {file = "Pillow-10.0.0-cp311-cp311-musllinux_1_1_x86_64.whl", hash = "sha256:d737a602fbd82afd892ca746392401b634e278cb65d55c4b7a8f48e9ef8d008d"},
    {file = "Pillow-10.0.0-cp311-cp311-win_amd64.whl", hash = "sha256:3a82c40d706d9aa9734289740ce26460a11aeec2d9c79b7af87bb35f0073c12f"},
    {file = "Pillow-10.0.0-cp311-cp311-win_arm64.whl", hash = "sha256:bc2ec7c7b5d66b8ec9ce9f720dbb5fa4bace0f545acd34870eff4a369b44bf37"},
    {file = "Pillow-10.0.0-cp312-cp312-macosx_10_10_x86_64.whl", hash = "sha256:d80cf684b541685fccdd84c485b31ce73fc5c9b5d7523bf1394ce134a60c6883"},
    {file = "Pillow-10.0.0-cp312-cp312-macosx_11_0_arm64.whl", hash = "sha256:76de421f9c326da8f43d690110f0e79fe3ad1e54be811545d7d91898b4c8493e"},
    {file = "Pillow-10.0.0-cp312-cp312-manylinux_2_17_aarch64.manylinux2014_aarch64.whl", hash = "sha256:81ff539a12457809666fef6624684c008e00ff6bf455b4b89fd00a140eecd640"},
    {file = "Pillow-10.0.0-cp312-cp312-manylinux_2_17_x86_64.manylinux2014_x86_64.whl", hash = "sha256:ce543ed15570eedbb85df19b0a1a7314a9c8141a36ce089c0a894adbfccb4568"},
    {file = "Pillow-10.0.0-cp312-cp312-manylinux_2_28_aarch64.whl", hash = "sha256:685ac03cc4ed5ebc15ad5c23bc555d68a87777586d970c2c3e216619a5476223"},
    {file = "Pillow-10.0.0-cp312-cp312-manylinux_2_28_x86_64.whl", hash = "sha256:d72e2ecc68a942e8cf9739619b7f408cc7b272b279b56b2c83c6123fcfa5cdff"},
    {file = "Pillow-10.0.0-cp312-cp312-musllinux_1_1_aarch64.whl", hash = "sha256:d50b6aec14bc737742ca96e85d6d0a5f9bfbded018264b3b70ff9d8c33485551"},
    {file = "Pillow-10.0.0-cp312-cp312-musllinux_1_1_x86_64.whl", hash = "sha256:00e65f5e822decd501e374b0650146063fbb30a7264b4d2744bdd7b913e0cab5"},
    {file = "Pillow-10.0.0-cp312-cp312-win_amd64.whl", hash = "sha256:f31f9fdbfecb042d046f9d91270a0ba28368a723302786c0009ee9b9f1f60199"},
    {file = "Pillow-10.0.0-cp312-cp312-win_arm64.whl", hash = "sha256:1ce91b6ec08d866b14413d3f0bbdea7e24dfdc8e59f562bb77bc3fe60b6144ca"},
    {file = "Pillow-10.0.0-cp38-cp38-macosx_10_10_x86_64.whl", hash = "sha256:349930d6e9c685c089284b013478d6f76e3a534e36ddfa912cde493f235372f3"},
    {file = "Pillow-10.0.0-cp38-cp38-macosx_11_0_arm64.whl", hash = "sha256:3a684105f7c32488f7153905a4e3015a3b6c7182e106fe3c37fbb5ef3e6994c3"},
    {file = "Pillow-10.0.0-cp38-cp38-manylinux_2_17_aarch64.manylinux2014_aarch64.whl", hash = "sha256:b4f69b3700201b80bb82c3a97d5e9254084f6dd5fb5b16fc1a7b974260f89f43"},
    {file = "Pillow-10.0.0-cp38-cp38-manylinux_2_17_x86_64.manylinux2014_x86_64.whl", hash = "sha256:3f07ea8d2f827d7d2a49ecf1639ec02d75ffd1b88dcc5b3a61bbb37a8759ad8d"},
    {file = "Pillow-10.0.0-cp38-cp38-manylinux_2_28_aarch64.whl", hash = "sha256:040586f7d37b34547153fa383f7f9aed68b738992380ac911447bb78f2abe530"},
    {file = "Pillow-10.0.0-cp38-cp38-manylinux_2_28_x86_64.whl", hash = "sha256:f88a0b92277de8e3ca715a0d79d68dc82807457dae3ab8699c758f07c20b3c51"},
    {file = "Pillow-10.0.0-cp38-cp38-musllinux_1_1_aarch64.whl", hash = "sha256:c7cf14a27b0d6adfaebb3ae4153f1e516df54e47e42dcc073d7b3d76111a8d86"},
    {file = "Pillow-10.0.0-cp38-cp38-musllinux_1_1_x86_64.whl", hash = "sha256:3400aae60685b06bb96f99a21e1ada7bc7a413d5f49bce739828ecd9391bb8f7"},
    {file = "Pillow-10.0.0-cp38-cp38-win_amd64.whl", hash = "sha256:dbc02381779d412145331789b40cc7b11fdf449e5d94f6bc0b080db0a56ea3f0"},
    {file = "Pillow-10.0.0-cp39-cp39-macosx_10_10_x86_64.whl", hash = "sha256:9211e7ad69d7c9401cfc0e23d49b69ca65ddd898976d660a2fa5904e3d7a9baa"},
    {file = "Pillow-10.0.0-cp39-cp39-macosx_11_0_arm64.whl", hash = "sha256:faaf07ea35355b01a35cb442dd950d8f1bb5b040a7787791a535de13db15ed90"},
    {file = "Pillow-10.0.0-cp39-cp39-manylinux_2_17_aarch64.manylinux2014_aarch64.whl", hash = "sha256:c9f72a021fbb792ce98306ffb0c348b3c9cb967dce0f12a49aa4c3d3fdefa967"},
    {file = "Pillow-10.0.0-cp39-cp39-manylinux_2_17_x86_64.manylinux2014_x86_64.whl", hash = "sha256:9f7c16705f44e0504a3a2a14197c1f0b32a95731d251777dcb060aa83022cb2d"},
    {file = "Pillow-10.0.0-cp39-cp39-manylinux_2_28_aarch64.whl", hash = "sha256:76edb0a1fa2b4745fb0c99fb9fb98f8b180a1bbceb8be49b087e0b21867e77d3"},
    {file = "Pillow-10.0.0-cp39-cp39-manylinux_2_28_x86_64.whl", hash = "sha256:368ab3dfb5f49e312231b6f27b8820c823652b7cd29cfbd34090565a015e99ba"},
    {file = "Pillow-10.0.0-cp39-cp39-musllinux_1_1_aarch64.whl", hash = "sha256:608bfdee0d57cf297d32bcbb3c728dc1da0907519d1784962c5f0c68bb93e5a3"},
    {file = "Pillow-10.0.0-cp39-cp39-musllinux_1_1_x86_64.whl", hash = "sha256:5c6e3df6bdd396749bafd45314871b3d0af81ff935b2d188385e970052091017"},
    {file = "Pillow-10.0.0-cp39-cp39-win_amd64.whl", hash = "sha256:7be600823e4c8631b74e4a0d38384c73f680e6105a7d3c6824fcf226c178c7e6"},
    {file = "Pillow-10.0.0-pp310-pypy310_pp73-macosx_10_10_x86_64.whl", hash = "sha256:92be919bbc9f7d09f7ae343c38f5bb21c973d2576c1d45600fce4b74bafa7ac0"},
    {file = "Pillow-10.0.0-pp310-pypy310_pp73-manylinux_2_17_x86_64.manylinux2014_x86_64.whl", hash = "sha256:8f8182b523b2289f7c415f589118228d30ac8c355baa2f3194ced084dac2dbba"},
    {file = "Pillow-10.0.0-pp310-pypy310_pp73-manylinux_2_28_x86_64.whl", hash = "sha256:38250a349b6b390ee6047a62c086d3817ac69022c127f8a5dc058c31ccef17f3"},
    {file = "Pillow-10.0.0-pp310-pypy310_pp73-win_amd64.whl", hash = "sha256:88af2003543cc40c80f6fca01411892ec52b11021b3dc22ec3bc9d5afd1c5334"},
    {file = "Pillow-10.0.0-pp39-pypy39_pp73-macosx_10_10_x86_64.whl", hash = "sha256:c189af0545965fa8d3b9613cfdb0cd37f9d71349e0f7750e1fd704648d475ed2"},
    {file = "Pillow-10.0.0-pp39-pypy39_pp73-manylinux_2_17_x86_64.manylinux2014_x86_64.whl", hash = "sha256:ce7b031a6fc11365970e6a5686d7ba8c63e4c1cf1ea143811acbb524295eabed"},
    {file = "Pillow-10.0.0-pp39-pypy39_pp73-manylinux_2_28_x86_64.whl", hash = "sha256:db24668940f82321e746773a4bc617bfac06ec831e5c88b643f91f122a785684"},
    {file = "Pillow-10.0.0-pp39-pypy39_pp73-win_amd64.whl", hash = "sha256:efe8c0681042536e0d06c11f48cebe759707c9e9abf880ee213541c5b46c5bf3"},
    {file = "Pillow-10.0.0.tar.gz", hash = "sha256:9c82b5b3e043c7af0d95792d0d20ccf68f61a1fec6b3530e718b688422727396"},
]

[package.extras]
docs = ["furo", "olefile", "sphinx (>=2.4)", "sphinx-copybutton", "sphinx-inline-tabs", "sphinx-removed-in", "sphinxext-opengraph"]
tests = ["check-manifest", "coverage", "defusedxml", "markdown2", "olefile", "packaging", "pyroma", "pytest", "pytest-cov", "pytest-timeout"]

[[package]]
name = "psutil"
version = "5.9.6"
description = "Cross-platform lib for process and system monitoring in Python."
optional = false
python-versions = ">=2.7, !=3.0.*, !=3.1.*, !=3.2.*, !=3.3.*, !=3.4.*, !=3.5.*"
files = [
    {file = "psutil-5.9.6-cp27-cp27m-macosx_10_9_x86_64.whl", hash = "sha256:fb8a697f11b0f5994550555fcfe3e69799e5b060c8ecf9e2f75c69302cc35c0d"},
    {file = "psutil-5.9.6-cp27-cp27m-manylinux2010_i686.whl", hash = "sha256:91ecd2d9c00db9817a4b4192107cf6954addb5d9d67a969a4f436dbc9200f88c"},
    {file = "psutil-5.9.6-cp27-cp27m-manylinux2010_x86_64.whl", hash = "sha256:10e8c17b4f898d64b121149afb136c53ea8b68c7531155147867b7b1ac9e7e28"},
    {file = "psutil-5.9.6-cp27-cp27mu-manylinux2010_i686.whl", hash = "sha256:18cd22c5db486f33998f37e2bb054cc62fd06646995285e02a51b1e08da97017"},
    {file = "psutil-5.9.6-cp27-cp27mu-manylinux2010_x86_64.whl", hash = "sha256:ca2780f5e038379e520281e4c032dddd086906ddff9ef0d1b9dcf00710e5071c"},
    {file = "psutil-5.9.6-cp27-none-win32.whl", hash = "sha256:70cb3beb98bc3fd5ac9ac617a327af7e7f826373ee64c80efd4eb2856e5051e9"},
    {file = "psutil-5.9.6-cp27-none-win_amd64.whl", hash = "sha256:51dc3d54607c73148f63732c727856f5febec1c7c336f8f41fcbd6315cce76ac"},
    {file = "psutil-5.9.6-cp36-abi3-macosx_10_9_x86_64.whl", hash = "sha256:c69596f9fc2f8acd574a12d5f8b7b1ba3765a641ea5d60fb4736bf3c08a8214a"},
    {file = "psutil-5.9.6-cp36-abi3-manylinux_2_12_i686.manylinux2010_i686.manylinux_2_17_i686.manylinux2014_i686.whl", hash = "sha256:92e0cc43c524834af53e9d3369245e6cc3b130e78e26100d1f63cdb0abeb3d3c"},
    {file = "psutil-5.9.6-cp36-abi3-manylinux_2_12_x86_64.manylinux2010_x86_64.manylinux_2_17_x86_64.manylinux2014_x86_64.whl", hash = "sha256:748c9dd2583ed86347ed65d0035f45fa8c851e8d90354c122ab72319b5f366f4"},
    {file = "psutil-5.9.6-cp36-cp36m-win32.whl", hash = "sha256:3ebf2158c16cc69db777e3c7decb3c0f43a7af94a60d72e87b2823aebac3d602"},
    {file = "psutil-5.9.6-cp36-cp36m-win_amd64.whl", hash = "sha256:ff18b8d1a784b810df0b0fff3bcb50ab941c3b8e2c8de5726f9c71c601c611aa"},
    {file = "psutil-5.9.6-cp37-abi3-win32.whl", hash = "sha256:a6f01f03bf1843280f4ad16f4bde26b817847b4c1a0db59bf6419807bc5ce05c"},
    {file = "psutil-5.9.6-cp37-abi3-win_amd64.whl", hash = "sha256:6e5fb8dc711a514da83098bc5234264e551ad980cec5f85dabf4d38ed6f15e9a"},
    {file = "psutil-5.9.6-cp38-abi3-macosx_11_0_arm64.whl", hash = "sha256:daecbcbd29b289aac14ece28eca6a3e60aa361754cf6da3dfb20d4d32b6c7f57"},
    {file = "psutil-5.9.6.tar.gz", hash = "sha256:e4b92ddcd7dd4cdd3f900180ea1e104932c7bce234fb88976e2a3b296441225a"},
]

[package.extras]
test = ["enum34", "ipaddress", "mock", "pywin32", "wmi"]

[[package]]
name = "tifffile"
version = "2023.7.10"
description = "Read and write TIFF files"
optional = false
python-versions = ">=3.8"
files = [
    {file = "tifffile-2023.7.10-py3-none-any.whl", hash = "sha256:94dfdec321ace96abbfe872a66cfd824800c099a2db558443453eebc2c11b304"},
    {file = "tifffile-2023.7.10.tar.gz", hash = "sha256:c06ec460926d16796eeee249a560bcdddf243daae36ac62af3c84a953cd60b4a"},
]

[package.dependencies]
numpy = "*"

[package.extras]
all = ["defusedxml", "fsspec", "imagecodecs (>=2023.1.23)", "lxml", "matplotlib", "zarr"]

[[package]]
name = "tiffslide"
version = "2.2.0"
description = "tifffile-based drop-in replacement for openslide-python"
optional = false
python-versions = ">=3.8"
files = [
    {file = "tiffslide-2.2.0-py3-none-any.whl", hash = "sha256:b6d256cfd5e1209ded241dc280b19247e615244ca9208dd779c45591de99f934"},
    {file = "tiffslide-2.2.0.tar.gz", hash = "sha256:ed45d46167df75013cd042697213b0667e17639def0ea3ae3b798f8fdd1b5a15"},
]

[package.dependencies]
fsspec = "<2022.11.0 || >2022.11.0,<2023.1.0 || >2023.1.0"
imagecodecs = "*"
pillow = "*"
tifffile = ">=2021.6.14"
typing-extensions = ">=4.0"
zarr = ">=2.11.0"

[package.extras]
dev = ["black", "mypy", "pre-commit", "pytest (>=6)", "pytest-cov"]

[[package]]
name = "typing-extensions"
version = "4.7.1"
description = "Backported and Experimental Type Hints for Python 3.7+"
optional = false
python-versions = ">=3.7"
files = [
    {file = "typing_extensions-4.7.1-py3-none-any.whl", hash = "sha256:440d5dd3af93b060174bf433bccd69b0babc3b15b1a8dca43789fd7f61514b36"},
    {file = "typing_extensions-4.7.1.tar.gz", hash = "sha256:b75ddc264f0ba5615db7ba217daeb99701ad295353c45f9e95963337ceeeffb2"},
]

[[package]]
name = "zarr"
version = "2.16.1"
description = "An implementation of chunked, compressed, N-dimensional arrays for Python"
optional = false
python-versions = ">=3.8"
files = [
    {file = "zarr-2.16.1-py3-none-any.whl", hash = "sha256:de4882433ccb5b42cc1ec9872b95e64ca3a13581424666b28ed265ad76c7056f"},
    {file = "zarr-2.16.1.tar.gz", hash = "sha256:4276cf4b4a653431042cd53ff2282bc4d292a6842411e88529964504fb073286"},
]

[package.dependencies]
asciitree = "*"
fasteners = "*"
numcodecs = ">=0.10.0"
numpy = ">=1.20,<1.21.0 || >1.21.0"

[package.extras]
docs = ["numcodecs[msgpack]", "numpydoc", "pydata-sphinx-theme", "sphinx", "sphinx-copybutton", "sphinx-design", "sphinx-issues", "sphinx-rtd-theme"]
jupyter = ["ipytree (>=0.2.2)", "ipywidgets (>=8.0.0)", "notebook"]

[metadata]
lock-version = "2.0"
python-versions = ">=3.8,<3.12"
content-hash = "296acf181880acd0a21c6a4de9b68bde145f0d31c068e58697fff2467593586f"
